// !$*UTF8*$!
{
	archiveVersion = 1;
	classes = {
	};
	objectVersion = 46;
	objects = {

/* Begin PBXBuildFile section */
		9B6AC8DE1DCAE41B00C5F3F5 /* main.m in Sources */ = {isa = PBXBuildFile; fileRef = 9B6AC8DD1DCAE41B00C5F3F5 /* main.m */; };
		9B6AC8E11DCAE41B00C5F3F5 /* AppDelegate.m in Sources */ = {isa = PBXBuildFile; fileRef = 9B6AC8E01DCAE41B00C5F3F5 /* AppDelegate.m */; };
		9B6AC8E41DCAE41B00C5F3F5 /* ViewController.m in Sources */ = {isa = PBXBuildFile; fileRef = 9B6AC8E31DCAE41B00C5F3F5 /* ViewController.m */; };
		9B6AC8E71DCAE41B00C5F3F5 /* Main.storyboard in Resources */ = {isa = PBXBuildFile; fileRef = 9B6AC8E51DCAE41B00C5F3F5 /* Main.storyboard */; };
		9B6AC8E91DCAE41B00C5F3F5 /* Assets.xcassets in Resources */ = {isa = PBXBuildFile; fileRef = 9B6AC8E81DCAE41B00C5F3F5 /* Assets.xcassets */; };
		9B6AC8EC1DCAE41B00C5F3F5 /* LaunchScreen.storyboard in Resources */ = {isa = PBXBuildFile; fileRef = 9B6AC8EA1DCAE41B00C5F3F5 /* LaunchScreen.storyboard */; };
		9B6AC8F71DCAE41B00C5F3F5 /* tabcellTests.m in Sources */ = {isa = PBXBuildFile; fileRef = 9B6AC8F61DCAE41B00C5F3F5 /* tabcellTests.m */; };
		9B6AC9021DCAE41B00C5F3F5 /* tabcellUITests.m in Sources */ = {isa = PBXBuildFile; fileRef = 9B6AC9011DCAE41B00C5F3F5 /* tabcellUITests.m */; };
		9B6AC9121DCAE72300C5F3F5 /* SHTableViewCell.m in Sources */ = {isa = PBXBuildFile; fileRef = 9B6AC9111DCAE72300C5F3F5 /* SHTableViewCell.m */; };
		9B7FE32E1DCB43C6008D7B42 /* FuckView.m in Sources */ = {isa = PBXBuildFile; fileRef = 9B7FE32D1DCB43C6008D7B42 /* FuckView.m */; };
/* End PBXBuildFile section */

/* Begin PBXContainerItemProxy section */
		9B6AC8F31DCAE41B00C5F3F5 /* PBXContainerItemProxy */ = {
			isa = PBXContainerItemProxy;
			containerPortal = 9B6AC8D11DCAE41B00C5F3F5 /* Project object */;
			proxyType = 1;
			remoteGlobalIDString = 9B6AC8D81DCAE41B00C5F3F5;
			remoteInfo = tabcell;
		};
		9B6AC8FE1DCAE41B00C5F3F5 /* PBXContainerItemProxy */ = {
			isa = PBXContainerItemProxy;
			containerPortal = 9B6AC8D11DCAE41B00C5F3F5 /* Project object */;
			proxyType = 1;
			remoteGlobalIDString = 9B6AC8D81DCAE41B00C5F3F5;
			remoteInfo = tabcell;
		};
/* End PBXContainerItemProxy section */

/* Begin PBXFileReference section */
		9B6AC8D91DCAE41B00C5F3F5 /* tabcell.app */ = {isa = PBXFileReference; explicitFileType = wrapper.application; includeInIndex = 0; path = tabcell.app; sourceTree = BUILT_PRODUCTS_DIR; };
		9B6AC8DD1DCAE41B00C5F3F5 /* main.m */ = {isa = PBXFileReference; lastKnownFileType = sourcecode.c.objc; path = main.m; sourceTree = "<group>"; };
		9B6AC8DF1DCAE41B00C5F3F5 /* AppDelegate.h */ = {isa = PBXFileReference; lastKnownFileType = sourcecode.c.h; path = AppDelegate.h; sourceTree = "<group>"; };
		9B6AC8E01DCAE41B00C5F3F5 /* AppDelegate.m */ = {isa = PBXFileReference; lastKnownFileType = sourcecode.c.objc; path = AppDelegate.m; sourceTree = "<group>"; };
		9B6AC8E21DCAE41B00C5F3F5 /* ViewController.h */ = {isa = PBXFileReference; lastKnownFileType = sourcecode.c.h; path = ViewController.h; sourceTree = "<group>"; };
		9B6AC8E31DCAE41B00C5F3F5 /* ViewController.m */ = {isa = PBXFileReference; lastKnownFileType = sourcecode.c.objc; path = ViewController.m; sourceTree = "<group>"; };
		9B6AC8E61DCAE41B00C5F3F5 /* Base */ = {isa = PBXFileReference; lastKnownFileType = file.storyboard; name = Base; path = Base.lproj/Main.storyboard; sourceTree = "<group>"; };
		9B6AC8E81DCAE41B00C5F3F5 /* Assets.xcassets */ = {isa = PBXFileReference; lastKnownFileType = folder.assetcatalog; path = Assets.xcassets; sourceTree = "<group>"; };
		9B6AC8EB1DCAE41B00C5F3F5 /* Base */ = {isa = PBXFileReference; lastKnownFileType = file.storyboard; name = Base; path = Base.lproj/LaunchScreen.storyboard; sourceTree = "<group>"; };
		9B6AC8ED1DCAE41B00C5F3F5 /* Info.plist */ = {isa = PBXFileReference; lastKnownFileType = text.plist.xml; path = Info.plist; sourceTree = "<group>"; };
		9B6AC8F21DCAE41B00C5F3F5 /* tabcellTests.xctest */ = {isa = PBXFileReference; explicitFileType = wrapper.cfbundle; includeInIndex = 0; path = tabcellTests.xctest; sourceTree = BUILT_PRODUCTS_DIR; };
		9B6AC8F61DCAE41B00C5F3F5 /* tabcellTests.m */ = {isa = PBXFileReference; lastKnownFileType = sourcecode.c.objc; path = tabcellTests.m; sourceTree = "<group>"; };
		9B6AC8F81DCAE41B00C5F3F5 /* Info.plist */ = {isa = PBXFileReference; lastKnownFileType = text.plist.xml; path = Info.plist; sourceTree = "<group>"; };
		9B6AC8FD1DCAE41B00C5F3F5 /* tabcellUITests.xctest */ = {isa = PBXFileReference; explicitFileType = wrapper.cfbundle; includeInIndex = 0; path = tabcellUITests.xctest; sourceTree = BUILT_PRODUCTS_DIR; };
		9B6AC9011DCAE41B00C5F3F5 /* tabcellUITests.m */ = {isa = PBXFileReference; lastKnownFileType = sourcecode.c.objc; path = tabcellUITests.m; sourceTree = "<group>"; };
		9B6AC9031DCAE41B00C5F3F5 /* Info.plist */ = {isa = PBXFileReference; lastKnownFileType = text.plist.xml; path = Info.plist; sourceTree = "<group>"; };
		9B6AC9101DCAE72300C5F3F5 /* SHTableViewCell.h */ = {isa = PBXFileReference; fileEncoding = 4; lastKnownFileType = sourcecode.c.h; path = SHTableViewCell.h; sourceTree = "<group>"; };
		9B6AC9111DCAE72300C5F3F5 /* SHTableViewCell.m */ = {isa = PBXFileReference; fileEncoding = 4; lastKnownFileType = sourcecode.c.objc; path = SHTableViewCell.m; sourceTree = "<group>"; };
		9B7FE32C1DCB43C6008D7B42 /* FuckView.h */ = {isa = PBXFileReference; fileEncoding = 4; lastKnownFileType = sourcecode.c.h; path = FuckView.h; sourceTree = "<group>"; };
		9B7FE32D1DCB43C6008D7B42 /* FuckView.m */ = {isa = PBXFileReference; fileEncoding = 4; lastKnownFileType = sourcecode.c.objc; path = FuckView.m; sourceTree = "<group>"; };
/* End PBXFileReference section */

/* Begin PBXFrameworksBuildPhase section */
		9B6AC8D61DCAE41B00C5F3F5 /* Frameworks */ = {
			isa = PBXFrameworksBuildPhase;
			buildActionMask = 2147483647;
			files = (
			);
			runOnlyForDeploymentPostprocessing = 0;
		};
		9B6AC8EF1DCAE41B00C5F3F5 /* Frameworks */ = {
			isa = PBXFrameworksBuildPhase;
			buildActionMask = 2147483647;
			files = (
			);
			runOnlyForDeploymentPostprocessing = 0;
		};
		9B6AC8FA1DCAE41B00C5F3F5 /* Frameworks */ = {
			isa = PBXFrameworksBuildPhase;
			buildActionMask = 2147483647;
			files = (
			);
			runOnlyForDeploymentPostprocessing = 0;
		};
/* End PBXFrameworksBuildPhase section */

/* Begin PBXGroup section */
		9B6AC8D01DCAE41B00C5F3F5 = {
			isa = PBXGroup;
			children = (
				9B6AC8DB1DCAE41B00C5F3F5 /* tabcell */,
				9B6AC8F51DCAE41B00C5F3F5 /* tabcellTests */,
				9B6AC9001DCAE41B00C5F3F5 /* tabcellUITests */,
				9B6AC8DA1DCAE41B00C5F3F5 /* Products */,
			);
			sourceTree = "<group>";
		};
		9B6AC8DA1DCAE41B00C5F3F5 /* Products */ = {
			isa = PBXGroup;
			children = (
				9B6AC8D91DCAE41B00C5F3F5 /* tabcell.app */,
				9B6AC8F21DCAE41B00C5F3F5 /* tabcellTests.xctest */,
				9B6AC8FD1DCAE41B00C5F3F5 /* tabcellUITests.xctest */,
			);
			name = Products;
			sourceTree = "<group>";
		};
		9B6AC8DB1DCAE41B00C5F3F5 /* tabcell */ = {
			isa = PBXGroup;
			children = (
				9B6AC90F1DCAE70600C5F3F5 /* cellView */,
				9B6AC8DF1DCAE41B00C5F3F5 /* AppDelegate.h */,
				9B6AC8E01DCAE41B00C5F3F5 /* AppDelegate.m */,
				9B6AC8E21DCAE41B00C5F3F5 /* ViewController.h */,
				9B6AC8E31DCAE41B00C5F3F5 /* ViewController.m */,
				9B6AC8E51DCAE41B00C5F3F5 /* Main.storyboard */,
				9B7FE32C1DCB43C6008D7B42 /* FuckView.h */,
				9B7FE32D1DCB43C6008D7B42 /* FuckView.m */,
				9B6AC8E81DCAE41B00C5F3F5 /* Assets.xcassets */,
				9B6AC8EA1DCAE41B00C5F3F5 /* LaunchScreen.storyboard */,
				9B6AC8ED1DCAE41B00C5F3F5 /* Info.plist */,
				9B6AC8DC1DCAE41B00C5F3F5 /* Supporting Files */,
			);
			path = tabcell;
			sourceTree = "<group>";
		};
		9B6AC8DC1DCAE41B00C5F3F5 /* Supporting Files */ = {
			isa = PBXGroup;
			children = (
				9B6AC8DD1DCAE41B00C5F3F5 /* main.m */,
			);
			name = "Supporting Files";
			sourceTree = "<group>";
		};
		9B6AC8F51DCAE41B00C5F3F5 /* tabcellTests */ = {
			isa = PBXGroup;
			children = (
				9B6AC8F61DCAE41B00C5F3F5 /* tabcellTests.m */,
				9B6AC8F81DCAE41B00C5F3F5 /* Info.plist */,
			);
			path = tabcellTests;
			sourceTree = "<group>";
		};
		9B6AC9001DCAE41B00C5F3F5 /* tabcellUITests */ = {
			isa = PBXGroup;
			children = (
				9B6AC9011DCAE41B00C5F3F5 /* tabcellUITests.m */,
				9B6AC9031DCAE41B00C5F3F5 /* Info.plist */,
			);
			path = tabcellUITests;
			sourceTree = "<group>";
		};
		9B6AC90F1DCAE70600C5F3F5 /* cellView */ = {
			isa = PBXGroup;
			children = (
				9B6AC9101DCAE72300C5F3F5 /* SHTableViewCell.h */,
				9B6AC9111DCAE72300C5F3F5 /* SHTableViewCell.m */,
			);
			name = cellView;
			sourceTree = "<group>";
		};
/* End PBXGroup section */

/* Begin PBXNativeTarget section */
		9B6AC8D81DCAE41B00C5F3F5 /* tabcell */ = {
			isa = PBXNativeTarget;
			buildConfigurationList = 9B6AC9061DCAE41B00C5F3F5 /* Build configuration list for PBXNativeTarget "tabcell" */;
			buildPhases = (
				9B6AC8D51DCAE41B00C5F3F5 /* Sources */,
				9B6AC8D61DCAE41B00C5F3F5 /* Frameworks */,
				9B6AC8D71DCAE41B00C5F3F5 /* Resources */,
			);
			buildRules = (
			);
			dependencies = (
			);
			name = tabcell;
			productName = tabcell;
			productReference = 9B6AC8D91DCAE41B00C5F3F5 /* tabcell.app */;
			productType = "com.apple.product-type.application";
		};
		9B6AC8F11DCAE41B00C5F3F5 /* tabcellTests */ = {
			isa = PBXNativeTarget;
			buildConfigurationList = 9B6AC9091DCAE41B00C5F3F5 /* Build configuration list for PBXNativeTarget "tabcellTests" */;
			buildPhases = (
				9B6AC8EE1DCAE41B00C5F3F5 /* Sources */,
				9B6AC8EF1DCAE41B00C5F3F5 /* Frameworks */,
				9B6AC8F01DCAE41B00C5F3F5 /* Resources */,
			);
			buildRules = (
			);
			dependencies = (
				9B6AC8F41DCAE41B00C5F3F5 /* PBXTargetDependency */,
			);
			name = tabcellTests;
			productName = tabcellTests;
			productReference = 9B6AC8F21DCAE41B00C5F3F5 /* tabcellTests.xctest */;
			productType = "com.apple.product-type.bundle.unit-test";
		};
		9B6AC8FC1DCAE41B00C5F3F5 /* tabcellUITests */ = {
			isa = PBXNativeTarget;
			buildConfigurationList = 9B6AC90C1DCAE41B00C5F3F5 /* Build configuration list for PBXNativeTarget "tabcellUITests" */;
			buildPhases = (
				9B6AC8F91DCAE41B00C5F3F5 /* Sources */,
				9B6AC8FA1DCAE41B00C5F3F5 /* Frameworks */,
				9B6AC8FB1DCAE41B00C5F3F5 /* Resources */,
			);
			buildRules = (
			);
			dependencies = (
				9B6AC8FF1DCAE41B00C5F3F5 /* PBXTargetDependency */,
			);
			name = tabcellUITests;
			productName = tabcellUITests;
			productReference = 9B6AC8FD1DCAE41B00C5F3F5 /* tabcellUITests.xctest */;
			productType = "com.apple.product-type.bundle.ui-testing";
		};
/* End PBXNativeTarget section */

/* Begin PBXProject section */
		9B6AC8D11DCAE41B00C5F3F5 /* Project object */ = {
			isa = PBXProject;
			attributes = {
				LastUpgradeCheck = 0800;
				ORGANIZATIONNAME = sudiyi;
				TargetAttributes = {
					9B6AC8D81DCAE41B00C5F3F5 = {
						CreatedOnToolsVersion = 8.0;
						DevelopmentTeam = 8WY7V36L9H;
						ProvisioningStyle = Automatic;
					};
					9B6AC8F11DCAE41B00C5F3F5 = {
						CreatedOnToolsVersion = 8.0;
						DevelopmentTeam = 8WY7V36L9H;
						ProvisioningStyle = Automatic;
						TestTargetID = 9B6AC8D81DCAE41B00C5F3F5;
					};
					9B6AC8FC1DCAE41B00C5F3F5 = {
						CreatedOnToolsVersion = 8.0;
						DevelopmentTeam = 8WY7V36L9H;
						ProvisioningStyle = Automatic;
						TestTargetID = 9B6AC8D81DCAE41B00C5F3F5;
					};
				};
			};
			buildConfigurationList = 9B6AC8D41DCAE41B00C5F3F5 /* Build configuration list for PBXProject "tabcell" */;
			compatibilityVersion = "Xcode 3.2";
			developmentRegion = English;
			hasScannedForEncodings = 0;
			knownRegions = (
				en,
				Base,
			);
			mainGroup = 9B6AC8D01DCAE41B00C5F3F5;
			productRefGroup = 9B6AC8DA1DCAE41B00C5F3F5 /* Products */;
			projectDirPath = "";
			projectRoot = "";
			targets = (
				9B6AC8D81DCAE41B00C5F3F5 /* tabcell */,
				9B6AC8F11DCAE41B00C5F3F5 /* tabcellTests */,
				9B6AC8FC1DCAE41B00C5F3F5 /* tabcellUITests */,
			);
		};
/* End PBXProject section */

/* Begin PBXResourcesBuildPhase section */
		9B6AC8D71DCAE41B00C5F3F5 /* Resources */ = {
			isa = PBXResourcesBuildPhase;
			buildActionMask = 2147483647;
			files = (
				9B6AC8EC1DCAE41B00C5F3F5 /* LaunchScreen.storyboard in Resources */,
				9B6AC8E91DCAE41B00C5F3F5 /* Assets.xcassets in Resources */,
				9B6AC8E71DCAE41B00C5F3F5 /* Main.storyboard in Resources */,
			);
			runOnlyForDeploymentPostprocessing = 0;
		};
		9B6AC8F01DCAE41B00C5F3F5 /* Resources */ = {
			isa = PBXResourcesBuildPhase;
			buildActionMask = 2147483647;
			files = (
			);
			runOnlyForDeploymentPostprocessing = 0;
		};
		9B6AC8FB1DCAE41B00C5F3F5 /* Resources */ = {
			isa = PBXResourcesBuildPhase;
			buildActionMask = 2147483647;
			files = (
			);
			runOnlyForDeploymentPostprocessing = 0;
		};
/* End PBXResourcesBuildPhase section */

/* Begin PBXSourcesBuildPhase section */
		9B6AC8D51DCAE41B00C5F3F5 /* Sources */ = {
			isa = PBXSourcesBuildPhase;
			buildActionMask = 2147483647;
			files = (
				9B7FE32E1DCB43C6008D7B42 /* FuckView.m in Sources */,
				9B6AC8E41DCAE41B00C5F3F5 /* ViewController.m in Sources */,
				9B6AC8E11DCAE41B00C5F3F5 /* AppDelegate.m in Sources */,
				9B6AC9121DCAE72300C5F3F5 /* SHTableViewCell.m in Sources */,
				9B6AC8DE1DCAE41B00C5F3F5 /* main.m in Sources */,
			);
			runOnlyForDeploymentPostprocessing = 0;
		};
		9B6AC8EE1DCAE41B00C5F3F5 /* Sources */ = {
			isa = PBXSourcesBuildPhase;
			buildActionMask = 2147483647;
			files = (
				9B6AC8F71DCAE41B00C5F3F5 /* tabcellTests.m in Sources */,
			);
			runOnlyForDeploymentPostprocessing = 0;
		};
		9B6AC8F91DCAE41B00C5F3F5 /* Sources */ = {
			isa = PBXSourcesBuildPhase;
			buildActionMask = 2147483647;
			files = (
				9B6AC9021DCAE41B00C5F3F5 /* tabcellUITests.m in Sources */,
			);
			runOnlyForDeploymentPostprocessing = 0;
		};
/* End PBXSourcesBuildPhase section */

/* Begin PBXTargetDependency section */
		9B6AC8F41DCAE41B00C5F3F5 /* PBXTargetDependency */ = {
			isa = PBXTargetDependency;
			target = 9B6AC8D81DCAE41B00C5F3F5 /* tabcell */;
			targetProxy = 9B6AC8F31DCAE41B00C5F3F5 /* PBXContainerItemProxy */;
		};
		9B6AC8FF1DCAE41B00C5F3F5 /* PBXTargetDependency */ = {
			isa = PBXTargetDependency;
			target = 9B6AC8D81DCAE41B00C5F3F5 /* tabcell */;
			targetProxy = 9B6AC8FE1DCAE41B00C5F3F5 /* PBXContainerItemProxy */;
		};
/* End PBXTargetDependency section */

/* Begin PBXVariantGroup section */
		9B6AC8E51DCAE41B00C5F3F5 /* Main.storyboard */ = {
			isa = PBXVariantGroup;
			children = (
				9B6AC8E61DCAE41B00C5F3F5 /* Base */,
			);
			name = Main.storyboard;
			sourceTree = "<group>";
		};
		9B6AC8EA1DCAE41B00C5F3F5 /* LaunchScreen.storyboard */ = {
			isa = PBXVariantGroup;
			children = (
				9B6AC8EB1DCAE41B00C5F3F5 /* Base */,
			);
			name = LaunchScreen.storyboard;
			sourceTree = "<group>";
		};
/* End PBXVariantGroup section */

/* Begin XCBuildConfiguration section */
		9B6AC9041DCAE41B00C5F3F5 /* Debug */ = {
			isa = XCBuildConfiguration;
			buildSettings = {
				ALWAYS_SEARCH_USER_PATHS = NO;
				CLANG_ANALYZER_NONNULL = YES;
				CLANG_CXX_LANGUAGE_STANDARD = "gnu++0x";
				CLANG_CXX_LIBRARY = "libc++";
				CLANG_ENABLE_MODULES = YES;
				CLANG_ENABLE_OBJC_ARC = YES;
				CLANG_WARN_BOOL_CONVERSION = YES;
				CLANG_WARN_CONSTANT_CONVERSION = YES;
				CLANG_WARN_DIRECT_OBJC_ISA_USAGE = YES_ERROR;
				CLANG_WARN_DOCUMENTATION_COMMENTS = YES;
				CLANG_WARN_EMPTY_BODY = YES;
				CLANG_WARN_ENUM_CONVERSION = YES;
				CLANG_WARN_INFINITE_RECURSION = YES;
				CLANG_WARN_INT_CONVERSION = YES;
				CLANG_WARN_OBJC_ROOT_CLASS = YES_ERROR;
				CLANG_WARN_SUSPICIOUS_MOVES = YES;
				CLANG_WARN_UNREACHABLE_CODE = YES;
				CLANG_WARN__DUPLICATE_METHOD_MATCH = YES;
				"CODE_SIGN_IDENTITY[sdk=iphoneos*]" = "iPhone Developer";
				COPY_PHASE_STRIP = NO;
				DEBUG_INFORMATION_FORMAT = dwarf;
				ENABLE_STRICT_OBJC_MSGSEND = YES;
				ENABLE_TESTABILITY = YES;
				GCC_C_LANGUAGE_STANDARD = gnu99;
				GCC_DYNAMIC_NO_PIC = NO;
				GCC_NO_COMMON_BLOCKS = YES;
				GCC_OPTIMIZATION_LEVEL = 0;
				GCC_PREPROCESSOR_DEFINITIONS = (
					"DEBUG=1",
					"$(inherited)",
				);
				GCC_WARN_64_TO_32_BIT_CONVERSION = YES;
				GCC_WARN_ABOUT_RETURN_TYPE = YES_ERROR;
				GCC_WARN_UNDECLARED_SELECTOR = YES;
				GCC_WARN_UNINITIALIZED_AUTOS = YES_AGGRESSIVE;
				GCC_WARN_UNUSED_FUNCTION = YES;
				GCC_WARN_UNUSED_VARIABLE = YES;
				IPHONEOS_DEPLOYMENT_TARGET = 10.0;
				MTL_ENABLE_DEBUG_INFO = YES;
				ONLY_ACTIVE_ARCH = YES;
				SDKROOT = iphoneos;
			};
			name = Debug;
		};
		9B6AC9051DCAE41B00C5F3F5 /* Release */ = {
			isa = XCBuildConfiguration;
			buildSettings = {
				ALWAYS_SEARCH_USER_PATHS = NO;
				CLANG_ANALYZER_NONNULL = YES;
				CLANG_CXX_LANGUAGE_STANDARD = "gnu++0x";
				CLANG_CXX_LIBRARY = "libc++";
				CLANG_ENABLE_MODULES = YES;
				CLANG_ENABLE_OBJC_ARC = YES;
				CLANG_WARN_BOOL_CONVERSION = YES;
				CLANG_WARN_CONSTANT_CONVERSION = YES;
				CLANG_WARN_DIRECT_OBJC_ISA_USAGE = YES_ERROR;
				CLANG_WARN_DOCUMENTATION_COMMENTS = YES;
				CLANG_WARN_EMPTY_BODY = YES;
				CLANG_WARN_ENUM_CONVERSION = YES;
				CLANG_WARN_INFINITE_RECURSION = YES;
				CLANG_WARN_INT_CONVERSION = YES;
				CLANG_WARN_OBJC_ROOT_CLASS = YES_ERROR;
				CLANG_WARN_SUSPICIOUS_MOVES = YES;
				CLANG_WARN_UNREACHABLE_CODE = YES;
				CLANG_WARN__DUPLICATE_METHOD_MATCH = YES;
				"CODE_SIGN_IDENTITY[sdk=iphoneos*]" = "iPhone Developer";
				COPY_PHASE_STRIP = NO;
				DEBUG_INFORMATION_FORMAT = "dwarf-with-dsym";
				ENABLE_NS_ASSERTIONS = NO;
				ENABLE_STRICT_OBJC_MSGSEND = YES;
				GCC_C_LANGUAGE_STANDARD = gnu99;
				GCC_NO_COMMON_BLOCKS = YES;
				GCC_WARN_64_TO_32_BIT_CONVERSION = YES;
				GCC_WARN_ABOUT_RETURN_TYPE = YES_ERROR;
				GCC_WARN_UNDECLARED_SELECTOR = YES;
				GCC_WARN_UNINITIALIZED_AUTOS = YES_AGGRESSIVE;
				GCC_WARN_UNUSED_FUNCTION = YES;
				GCC_WARN_UNUSED_VARIABLE = YES;
				IPHONEOS_DEPLOYMENT_TARGET = 10.0;
				MTL_ENABLE_DEBUG_INFO = NO;
				SDKROOT = iphoneos;
				VALIDATE_PRODUCT = YES;
			};
			name = Release;
		};
		9B6AC9071DCAE41B00C5F3F5 /* Debug */ = {
			isa = XCBuildConfiguration;
			buildSettings = {
				ASSETCATALOG_COMPILER_APPICON_NAME = AppIcon;
				DEVELOPMENT_TEAM = 8WY7V36L9H;
				INFOPLIST_FILE = tabcell/Info.plist;
				LD_RUNPATH_SEARCH_PATHS = "$(inherited) @executable_path/Frameworks";
				PRODUCT_BUNDLE_IDENTIFIER = com.sudiyi.tabcell;
				PRODUCT_NAME = "$(TARGET_NAME)";
			};
			name = Debug;
		};
		9B6AC9081DCAE41B00C5F3F5 /* Release */ = {
			isa = XCBuildConfiguration;
			buildSettings = {
				ASSETCATALOG_COMPILER_APPICON_NAME = AppIcon;
				DEVELOPMENT_TEAM = 8WY7V36L9H;
				INFOPLIST_FILE = tabcell/Info.plist;
				LD_RUNPATH_SEARCH_PATHS = "$(inherited) @executable_path/Frameworks";
				PRODUCT_BUNDLE_IDENTIFIER = com.sudiyi.tabcell;
				PRODUCT_NAME = "$(TARGET_NAME)";
			};
			name = Release;
		};
		9B6AC90A1DCAE41B00C5F3F5 /* Debug */ = {
			isa = XCBuildConfiguration;
			buildSettings = {
				BUNDLE_LOADER = "$(TEST_HOST)";
				DEVELOPMENT_TEAM = 8WY7V36L9H;
				INFOPLIST_FILE = tabcellTests/Info.plist;
				LD_RUNPATH_SEARCH_PATHS = "$(inherited) @executable_path/Frameworks @loader_path/Frameworks";
				PRODUCT_BUNDLE_IDENTIFIER = com.sudiyi.tabcellTests;
				PRODUCT_NAME = "$(TARGET_NAME)";
				TEST_HOST = "$(BUILT_PRODUCTS_DIR)/tabcell.app/tabcell";
			};
			name = Debug;
		};
		9B6AC90B1DCAE41B00C5F3F5 /* Release */ = {
			isa = XCBuildConfiguration;
			buildSettings = {
				BUNDLE_LOADER = "$(TEST_HOST)";
				DEVELOPMENT_TEAM = 8WY7V36L9H;
				INFOPLIST_FILE = tabcellTests/Info.plist;
				LD_RUNPATH_SEARCH_PATHS = "$(inherited) @executable_path/Frameworks @loader_path/Frameworks";
				PRODUCT_BUNDLE_IDENTIFIER = com.sudiyi.tabcellTests;
				PRODUCT_NAME = "$(TARGET_NAME)";
				TEST_HOST = "$(BUILT_PRODUCTS_DIR)/tabcell.app/tabcell";
			};
			name = Release;
		};
		9B6AC90D1DCAE41B00C5F3F5 /* Debug */ = {
			isa = XCBuildConfiguration;
			buildSettings = {
				DEVELOPMENT_TEAM = 8WY7V36L9H;
				INFOPLIST_FILE = tabcellUITests/Info.plist;
				LD_RUNPATH_SEARCH_PATHS = "$(inherited) @executable_path/Frameworks @loader_path/Frameworks";
				PRODUCT_BUNDLE_IDENTIFIER = com.sudiyi.tabcellUITests;
				PRODUCT_NAME = "$(TARGET_NAME)";
				TEST_TARGET_NAME = tabcell;
			};
			name = Debug;
		};
		9B6AC90E1DCAE41B00C5F3F5 /* Release */ = {
			isa = XCBuildConfiguration;
			buildSettings = {
				DEVELOPMENT_TEAM = 8WY7V36L9H;
				INFOPLIST_FILE = tabcellUITests/Info.plist;
				LD_RUNPATH_SEARCH_PATHS = "$(inherited) @executable_path/Frameworks @loader_path/Frameworks";
				PRODUCT_BUNDLE_IDENTIFIER = com.sudiyi.tabcellUITests;
				PRODUCT_NAME = "$(TARGET_NAME)";
				TEST_TARGET_NAME = tabcell;
			};
			name = Release;
		};
/* End XCBuildConfiguration section */

/* Begin XCConfigurationList section */
		9B6AC8D41DCAE41B00C5F3F5 /* Build configuration list for PBXProject "tabcell" */ = {
			isa = XCConfigurationList;
			buildConfigurations = (
				9B6AC9041DCAE41B00C5F3F5 /* Debug */,
				9B6AC9051DCAE41B00C5F3F5 /* Release */,
			);
			defaultConfigurationIsVisible = 0;
			defaultConfigurationName = Release;
		};
		9B6AC9061DCAE41B00C5F3F5 /* Build configuration list for PBXNativeTarget "tabcell" */ = {
			isa = XCConfigurationList;
			buildConfigurations = (
				9B6AC9071DCAE41B00C5F3F5 /* Debug */,
				9B6AC9081DCAE41B00C5F3F5 /* Release */,
			);
			defaultConfigurationIsVisible = 0;
			defaultConfigurationName = Release;
		};
		9B6AC9091DCAE41B00C5F3F5 /* Build configuration list for PBXNativeTarget "tabcellTests" */ = {
			isa = XCConfigurationList;
			buildConfigurations = (
				9B6AC90A1DCAE41B00C5F3F5 /* Debug */,
				9B6AC90B1DCAE41B00C5F3F5 /* Release */,
			);
			defaultConfigurationIsVisible = 0;
			defaultConfigurationName = Release;
		};
		9B6AC90C1DCAE41B00C5F3F5 /* Build configuration list for PBXNativeTarget "tabcellUITests" */ = {
			isa = XCConfigurationList;
			buildConfigurations = (
				9B6AC90D1DCAE41B00C5F3F5 /* Debug */,
				9B6AC90E1DCAE41B00C5F3F5 /* Release */,
			);
			defaultConfigurationIsVisible = 0;
			defaultConfigurationName = Release;
		};
/* End XCConfigurationList section */
	};
	rootObject = 9B6AC8D11DCAE41B00C5F3F5 /* Project object */;
}
